// !$*UTF8*$!
{
	archiveVersion = 1;
	classes = {
	};
	objectVersion = 50;
	objects = {

/* Begin PBXBuildFile section */
		00DA461925A7F1FF00E9294B /* AppDelegate.swift in Sources */ = {isa = PBXBuildFile; fileRef = 00DA461825A7F1FF00E9294B /* AppDelegate.swift */; };
		00DA461B25A7F1FF00E9294B /* SceneDelegate.swift in Sources */ = {isa = PBXBuildFile; fileRef = 00DA461A25A7F1FF00E9294B /* SceneDelegate.swift */; };
		00DA461D25A7F1FF00E9294B /* ContentView.swift in Sources */ = {isa = PBXBuildFile; fileRef = 00DA461C25A7F1FF00E9294B /* ContentView.swift */; };
		00DA461F25A7F20300E9294B /* Assets.xcassets in Resources */ = {isa = PBXBuildFile; fileRef = 00DA461E25A7F20300E9294B /* Assets.xcassets */; };
		00DA462225A7F20300E9294B /* Preview Assets.xcassets in Resources */ = {isa = PBXBuildFile; fileRef = 00DA462125A7F20300E9294B /* Preview Assets.xcassets */; };
		00DA462525A7F20300E9294B /* LaunchScreen.storyboard in Resources */ = {isa = PBXBuildFile; fileRef = 00DA462325A7F20300E9294B /* LaunchScreen.storyboard */; };
		00DA463025A7F20300E9294B /* UIStudyTests.swift in Sources */ = {isa = PBXBuildFile; fileRef = 00DA462F25A7F20300E9294B /* UIStudyTests.swift */; };
		00DA463B25A7F20300E9294B /* UIStudyUITests.swift in Sources */ = {isa = PBXBuildFile; fileRef = 00DA463A25A7F20300E9294B /* UIStudyUITests.swift */; };
		00DA465425A7FEB600E9294B /* CircleImage.swift in Sources */ = {isa = PBXBuildFile; fileRef = 00DA465325A7FEB600E9294B /* CircleImage.swift */; };
		00DA465925A800F800E9294B /* MapView.swift in Sources */ = {isa = PBXBuildFile; fileRef = 00DA465825A800F800E9294B /* MapView.swift */; };
		00DA466125A8061B00E9294B /* AnimationView.swift in Sources */ = {isa = PBXBuildFile; fileRef = 00DA466025A8061B00E9294B /* AnimationView.swift */; };
		00DA466625A8171A00E9294B /* PeropertyWrapperView.swift in Sources */ = {isa = PBXBuildFile; fileRef = 00DA466525A8171A00E9294B /* PeropertyWrapperView.swift */; };
/* End PBXBuildFile section */

/* Begin PBXContainerItemProxy section */
		00DA462C25A7F20300E9294B /* PBXContainerItemProxy */ = {
			isa = PBXContainerItemProxy;
			containerPortal = 00DA460D25A7F1FF00E9294B /* Project object */;
			proxyType = 1;
			remoteGlobalIDString = 00DA461425A7F1FF00E9294B;
			remoteInfo = UIStudy;
		};
		00DA463725A7F20300E9294B /* PBXContainerItemProxy */ = {
			isa = PBXContainerItemProxy;
			containerPortal = 00DA460D25A7F1FF00E9294B /* Project object */;
			proxyType = 1;
			remoteGlobalIDString = 00DA461425A7F1FF00E9294B;
			remoteInfo = UIStudy;
		};
/* End PBXContainerItemProxy section */

/* Begin PBXFileReference section */
		00DA461525A7F1FF00E9294B /* UIStudy.app */ = {isa = PBXFileReference; explicitFileType = wrapper.application; includeInIndex = 0; path = UIStudy.app; sourceTree = BUILT_PRODUCTS_DIR; };
		00DA461825A7F1FF00E9294B /* AppDelegate.swift */ = {isa = PBXFileReference; lastKnownFileType = sourcecode.swift; path = AppDelegate.swift; sourceTree = "<group>"; };
		00DA461A25A7F1FF00E9294B /* SceneDelegate.swift */ = {isa = PBXFileReference; lastKnownFileType = sourcecode.swift; path = SceneDelegate.swift; sourceTree = "<group>"; };
		00DA461C25A7F1FF00E9294B /* ContentView.swift */ = {isa = PBXFileReference; lastKnownFileType = sourcecode.swift; path = ContentView.swift; sourceTree = "<group>"; };
		00DA461E25A7F20300E9294B /* Assets.xcassets */ = {isa = PBXFileReference; lastKnownFileType = folder.assetcatalog; path = Assets.xcassets; sourceTree = "<group>"; };
		00DA462125A7F20300E9294B /* Preview Assets.xcassets */ = {isa = PBXFileReference; lastKnownFileType = folder.assetcatalog; path = "Preview Assets.xcassets"; sourceTree = "<group>"; };
		00DA462425A7F20300E9294B /* Base */ = {isa = PBXFileReference; lastKnownFileType = file.storyboard; name = Base; path = Base.lproj/LaunchScreen.storyboard; sourceTree = "<group>"; };
		00DA462625A7F20300E9294B /* Info.plist */ = {isa = PBXFileReference; lastKnownFileType = text.plist.xml; path = Info.plist; sourceTree = "<group>"; };
		00DA462B25A7F20300E9294B /* UIStudyTests.xctest */ = {isa = PBXFileReference; explicitFileType = wrapper.cfbundle; includeInIndex = 0; path = UIStudyTests.xctest; sourceTree = BUILT_PRODUCTS_DIR; };
		00DA462F25A7F20300E9294B /* UIStudyTests.swift */ = {isa = PBXFileReference; lastKnownFileType = sourcecode.swift; path = UIStudyTests.swift; sourceTree = "<group>"; };
		00DA463125A7F20300E9294B /* Info.plist */ = {isa = PBXFileReference; lastKnownFileType = text.plist.xml; path = Info.plist; sourceTree = "<group>"; };
		00DA463625A7F20300E9294B /* UIStudyUITests.xctest */ = {isa = PBXFileReference; explicitFileType = wrapper.cfbundle; includeInIndex = 0; path = UIStudyUITests.xctest; sourceTree = BUILT_PRODUCTS_DIR; };
		00DA463A25A7F20300E9294B /* UIStudyUITests.swift */ = {isa = PBXFileReference; lastKnownFileType = sourcecode.swift; path = UIStudyUITests.swift; sourceTree = "<group>"; };
		00DA463C25A7F20300E9294B /* Info.plist */ = {isa = PBXFileReference; lastKnownFileType = text.plist.xml; path = Info.plist; sourceTree = "<group>"; };
		00DA465325A7FEB600E9294B /* CircleImage.swift */ = {isa = PBXFileReference; lastKnownFileType = sourcecode.swift; path = CircleImage.swift; sourceTree = "<group>"; };
		00DA465825A800F800E9294B /* MapView.swift */ = {isa = PBXFileReference; lastKnownFileType = sourcecode.swift; path = MapView.swift; sourceTree = "<group>"; };
		00DA466025A8061B00E9294B /* AnimationView.swift */ = {isa = PBXFileReference; lastKnownFileType = sourcecode.swift; path = AnimationView.swift; sourceTree = "<group>"; };
		00DA466525A8171A00E9294B /* PeropertyWrapperView.swift */ = {isa = PBXFileReference; lastKnownFileType = sourcecode.swift; path = PeropertyWrapperView.swift; sourceTree = "<group>"; };
/* End PBXFileReference section */

/* Begin PBXFrameworksBuildPhase section */
		00DA461225A7F1FF00E9294B /* Frameworks */ = {
			isa = PBXFrameworksBuildPhase;
			buildActionMask = 2147483647;
			files = (
			);
			runOnlyForDeploymentPostprocessing = 0;
		};
		00DA462825A7F20300E9294B /* Frameworks */ = {
			isa = PBXFrameworksBuildPhase;
			buildActionMask = 2147483647;
			files = (
			);
			runOnlyForDeploymentPostprocessing = 0;
		};
		00DA463325A7F20300E9294B /* Frameworks */ = {
			isa = PBXFrameworksBuildPhase;
			buildActionMask = 2147483647;
			files = (
			);
			runOnlyForDeploymentPostprocessing = 0;
		};
/* End PBXFrameworksBuildPhase section */

/* Begin PBXGroup section */
		00DA460C25A7F1FF00E9294B = {
			isa = PBXGroup;
			children = (
				00DA461725A7F1FF00E9294B /* UIStudy */,
				00DA462E25A7F20300E9294B /* UIStudyTests */,
				00DA463925A7F20300E9294B /* UIStudyUITests */,
				00DA461625A7F1FF00E9294B /* Products */,
			);
			sourceTree = "<group>";
		};
		00DA461625A7F1FF00E9294B /* Products */ = {
			isa = PBXGroup;
			children = (
				00DA461525A7F1FF00E9294B /* UIStudy.app */,
				00DA462B25A7F20300E9294B /* UIStudyTests.xctest */,
				00DA463625A7F20300E9294B /* UIStudyUITests.xctest */,
			);
			name = Products;
			sourceTree = "<group>";
		};
		00DA461725A7F1FF00E9294B /* UIStudy */ = {
			isa = PBXGroup;
			children = (
				00DA461825A7F1FF00E9294B /* AppDelegate.swift */,
				00DA461A25A7F1FF00E9294B /* SceneDelegate.swift */,
				00DA461C25A7F1FF00E9294B /* ContentView.swift */,
				00DA461E25A7F20300E9294B /* Assets.xcassets */,
				00DA462325A7F20300E9294B /* LaunchScreen.storyboard */,
				00DA462625A7F20300E9294B /* Info.plist */,
				00DA462025A7F20300E9294B /* Preview Content */,
				00DA465825A800F800E9294B /* MapView.swift */,
				00DA465325A7FEB600E9294B /* CircleImage.swift */,
				00DA466025A8061B00E9294B /* AnimationView.swift */,
				00DA466525A8171A00E9294B /* PeropertyWrapperView.swift */,
			);
			path = UIStudy;
			sourceTree = "<group>";
		};
		00DA462025A7F20300E9294B /* Preview Content */ = {
			isa = PBXGroup;
			children = (
				00DA462125A7F20300E9294B /* Preview Assets.xcassets */,
			);
			path = "Preview Content";
			sourceTree = "<group>";
		};
		00DA462E25A7F20300E9294B /* UIStudyTests */ = {
			isa = PBXGroup;
			children = (
				00DA462F25A7F20300E9294B /* UIStudyTests.swift */,
				00DA463125A7F20300E9294B /* Info.plist */,
			);
			path = UIStudyTests;
			sourceTree = "<group>";
		};
		00DA463925A7F20300E9294B /* UIStudyUITests */ = {
			isa = PBXGroup;
			children = (
				00DA463A25A7F20300E9294B /* UIStudyUITests.swift */,
				00DA463C25A7F20300E9294B /* Info.plist */,
			);
			path = UIStudyUITests;
			sourceTree = "<group>";
		};
/* End PBXGroup section */

/* Begin PBXNativeTarget section */
		00DA461425A7F1FF00E9294B /* UIStudy */ = {
			isa = PBXNativeTarget;
			buildConfigurationList = 00DA463F25A7F20300E9294B /* Build configuration list for PBXNativeTarget "UIStudy" */;
			buildPhases = (
				00DA461125A7F1FF00E9294B /* Sources */,
				00DA461225A7F1FF00E9294B /* Frameworks */,
				00DA461325A7F1FF00E9294B /* Resources */,
			);
			buildRules = (
			);
			dependencies = (
			);
			name = UIStudy;
			productName = UIStudy;
			productReference = 00DA461525A7F1FF00E9294B /* UIStudy.app */;
			productType = "com.apple.product-type.application";
		};
		00DA462A25A7F20300E9294B /* UIStudyTests */ = {
			isa = PBXNativeTarget;
			buildConfigurationList = 00DA464225A7F20300E9294B /* Build configuration list for PBXNativeTarget "UIStudyTests" */;
			buildPhases = (
				00DA462725A7F20300E9294B /* Sources */,
				00DA462825A7F20300E9294B /* Frameworks */,
				00DA462925A7F20300E9294B /* Resources */,
			);
			buildRules = (
			);
			dependencies = (
				00DA462D25A7F20300E9294B /* PBXTargetDependency */,
			);
			name = UIStudyTests;
			productName = UIStudyTests;
			productReference = 00DA462B25A7F20300E9294B /* UIStudyTests.xctest */;
			productType = "com.apple.product-type.bundle.unit-test";
		};
		00DA463525A7F20300E9294B /* UIStudyUITests */ = {
			isa = PBXNativeTarget;
			buildConfigurationList = 00DA464525A7F20300E9294B /* Build configuration list for PBXNativeTarget "UIStudyUITests" */;
			buildPhases = (
				00DA463225A7F20300E9294B /* Sources */,
				00DA463325A7F20300E9294B /* Frameworks */,
				00DA463425A7F20300E9294B /* Resources */,
			);
			buildRules = (
			);
			dependencies = (
				00DA463825A7F20300E9294B /* PBXTargetDependency */,
			);
			name = UIStudyUITests;
			productName = UIStudyUITests;
			productReference = 00DA463625A7F20300E9294B /* UIStudyUITests.xctest */;
			productType = "com.apple.product-type.bundle.ui-testing";
		};
/* End PBXNativeTarget section */

/* Begin PBXProject section */
		00DA460D25A7F1FF00E9294B /* Project object */ = {
			isa = PBXProject;
			attributes = {
				LastSwiftUpdateCheck = 1220;
				LastUpgradeCheck = 1220;
				TargetAttributes = {
					00DA461425A7F1FF00E9294B = {
						CreatedOnToolsVersion = 12.2;
					};
					00DA462A25A7F20300E9294B = {
						CreatedOnToolsVersion = 12.2;
						TestTargetID = 00DA461425A7F1FF00E9294B;
					};
					00DA463525A7F20300E9294B = {
						CreatedOnToolsVersion = 12.2;
						TestTargetID = 00DA461425A7F1FF00E9294B;
					};
				};
			};
			buildConfigurationList = 00DA461025A7F1FF00E9294B /* Build configuration list for PBXProject "UIStudy" */;
			compatibilityVersion = "Xcode 9.3";
			developmentRegion = en;
			hasScannedForEncodings = 0;
			knownRegions = (
				en,
				Base,
			);
			mainGroup = 00DA460C25A7F1FF00E9294B;
			productRefGroup = 00DA461625A7F1FF00E9294B /* Products */;
			projectDirPath = "";
			projectRoot = "";
			targets = (
				00DA461425A7F1FF00E9294B /* UIStudy */,
				00DA462A25A7F20300E9294B /* UIStudyTests */,
				00DA463525A7F20300E9294B /* UIStudyUITests */,
			);
		};
/* End PBXProject section */

/* Begin PBXResourcesBuildPhase section */
		00DA461325A7F1FF00E9294B /* Resources */ = {
			isa = PBXResourcesBuildPhase;
			buildActionMask = 2147483647;
			files = (
				00DA462525A7F20300E9294B /* LaunchScreen.storyboard in Resources */,
				00DA462225A7F20300E9294B /* Preview Assets.xcassets in Resources */,
				00DA461F25A7F20300E9294B /* Assets.xcassets in Resources */,
			);
			runOnlyForDeploymentPostprocessing = 0;
		};
		00DA462925A7F20300E9294B /* Resources */ = {
			isa = PBXResourcesBuildPhase;
			buildActionMask = 2147483647;
			files = (
			);
			runOnlyForDeploymentPostprocessing = 0;
		};
		00DA463425A7F20300E9294B /* Resources */ = {
			isa = PBXResourcesBuildPhase;
			buildActionMask = 2147483647;
			files = (
			);
			runOnlyForDeploymentPostprocessing = 0;
		};
/* End PBXResourcesBuildPhase section */

/* Begin PBXSourcesBuildPhase section */
		00DA461125A7F1FF00E9294B /* Sources */ = {
			isa = PBXSourcesBuildPhase;
			buildActionMask = 2147483647;
			files = (
				00DA466625A8171A00E9294B /* PeropertyWrapperView.swift in Sources */,
				00DA461925A7F1FF00E9294B /* AppDelegate.swift in Sources */,
				00DA465425A7FEB600E9294B /* CircleImage.swift in Sources */,
				00DA465925A800F800E9294B /* MapView.swift in Sources */,
				00DA466125A8061B00E9294B /* AnimationView.swift in Sources */,
				00DA461B25A7F1FF00E9294B /* SceneDelegate.swift in Sources */,
				00DA461D25A7F1FF00E9294B /* ContentView.swift in Sources */,
			);
			runOnlyForDeploymentPostprocessing = 0;
		};
		00DA462725A7F20300E9294B /* Sources */ = {
			isa = PBXSourcesBuildPhase;
			buildActionMask = 2147483647;
			files = (
				00DA463025A7F20300E9294B /* UIStudyTests.swift in Sources */,
			);
			runOnlyForDeploymentPostprocessing = 0;
		};
		00DA463225A7F20300E9294B /* Sources */ = {
			isa = PBXSourcesBuildPhase;
			buildActionMask = 2147483647;
			files = (
				00DA463B25A7F20300E9294B /* UIStudyUITests.swift in Sources */,
			);
			runOnlyForDeploymentPostprocessing = 0;
		};
/* End PBXSourcesBuildPhase section */

/* Begin PBXTargetDependency section */
		00DA462D25A7F20300E9294B /* PBXTargetDependency */ = {
			isa = PBXTargetDependency;
			target = 00DA461425A7F1FF00E9294B /* UIStudy */;
			targetProxy = 00DA462C25A7F20300E9294B /* PBXContainerItemProxy */;
		};
		00DA463825A7F20300E9294B /* PBXTargetDependency */ = {
			isa = PBXTargetDependency;
			target = 00DA461425A7F1FF00E9294B /* UIStudy */;
			targetProxy = 00DA463725A7F20300E9294B /* PBXContainerItemProxy */;
		};
/* End PBXTargetDependency section */

/* Begin PBXVariantGroup section */
		00DA462325A7F20300E9294B /* LaunchScreen.storyboard */ = {
			isa = PBXVariantGroup;
			children = (
				00DA462425A7F20300E9294B /* Base */,
			);
			name = LaunchScreen.storyboard;
			sourceTree = "<group>";
		};
/* End PBXVariantGroup section */

/* Begin XCBuildConfiguration section */
		00DA463D25A7F20300E9294B /* Debug */ = {
			isa = XCBuildConfiguration;
			buildSettings = {
				ALWAYS_SEARCH_USER_PATHS = NO;
				CLANG_ANALYZER_NONNULL = YES;
				CLANG_ANALYZER_NUMBER_OBJECT_CONVERSION = YES_AGGRESSIVE;
				CLANG_CXX_LANGUAGE_STANDARD = "gnu++14";
				CLANG_CXX_LIBRARY = "libc++";
				CLANG_ENABLE_MODULES = YES;
				CLANG_ENABLE_OBJC_ARC = YES;
				CLANG_ENABLE_OBJC_WEAK = YES;
				CLANG_WARN_BLOCK_CAPTURE_AUTORELEASING = YES;
				CLANG_WARN_BOOL_CONVERSION = YES;
				CLANG_WARN_COMMA = YES;
				CLANG_WARN_CONSTANT_CONVERSION = YES;
				CLANG_WARN_DEPRECATED_OBJC_IMPLEMENTATIONS = YES;
				CLANG_WARN_DIRECT_OBJC_ISA_USAGE = YES_ERROR;
				CLANG_WARN_DOCUMENTATION_COMMENTS = YES;
				CLANG_WARN_EMPTY_BODY = YES;
				CLANG_WARN_ENUM_CONVERSION = YES;
				CLANG_WARN_INFINITE_RECURSION = YES;
				CLANG_WARN_INT_CONVERSION = YES;
				CLANG_WARN_NON_LITERAL_NULL_CONVERSION = YES;
				CLANG_WARN_OBJC_IMPLICIT_RETAIN_SELF = YES;
				CLANG_WARN_OBJC_LITERAL_CONVERSION = YES;
				CLANG_WARN_OBJC_ROOT_CLASS = YES_ERROR;
				CLANG_WARN_QUOTED_INCLUDE_IN_FRAMEWORK_HEADER = YES;
				CLANG_WARN_RANGE_LOOP_ANALYSIS = YES;
				CLANG_WARN_STRICT_PROTOTYPES = YES;
				CLANG_WARN_SUSPICIOUS_MOVE = YES;
				CLANG_WARN_UNGUARDED_AVAILABILITY = YES_AGGRESSIVE;
				CLANG_WARN_UNREACHABLE_CODE = YES;
				CLANG_WARN__DUPLICATE_METHOD_MATCH = YES;
				COPY_PHASE_STRIP = NO;
				DEBUG_INFORMATION_FORMAT = dwarf;
				ENABLE_STRICT_OBJC_MSGSEND = YES;
				ENABLE_TESTABILITY = YES;
				GCC_C_LANGUAGE_STANDARD = gnu11;
				GCC_DYNAMIC_NO_PIC = NO;
				GCC_NO_COMMON_BLOCKS = YES;
				GCC_OPTIMIZATION_LEVEL = 0;
				GCC_PREPROCESSOR_DEFINITIONS = (
					"DEBUG=1",
					"$(inherited)",
				);
				GCC_WARN_64_TO_32_BIT_CONVERSION = YES;
				GCC_WARN_ABOUT_RETURN_TYPE = YES_ERROR;
				GCC_WARN_UNDECLARED_SELECTOR = YES;
				GCC_WARN_UNINITIALIZED_AUTOS = YES_AGGRESSIVE;
				GCC_WARN_UNUSED_FUNCTION = YES;
				GCC_WARN_UNUSED_VARIABLE = YES;
				IPHONEOS_DEPLOYMENT_TARGET = 14.2;
				MTL_ENABLE_DEBUG_INFO = INCLUDE_SOURCE;
				MTL_FAST_MATH = YES;
				ONLY_ACTIVE_ARCH = YES;
				SDKROOT = iphoneos;
				SWIFT_ACTIVE_COMPILATION_CONDITIONS = DEBUG;
				SWIFT_OPTIMIZATION_LEVEL = "-Onone";
			};
			name = Debug;
		};
		00DA463E25A7F20300E9294B /* Release */ = {
			isa = XCBuildConfiguration;
			buildSettings = {
				ALWAYS_SEARCH_USER_PATHS = NO;
				CLANG_ANALYZER_NONNULL = YES;
				CLANG_ANALYZER_NUMBER_OBJECT_CONVERSION = YES_AGGRESSIVE;
				CLANG_CXX_LANGUAGE_STANDARD = "gnu++14";
				CLANG_CXX_LIBRARY = "libc++";
				CLANG_ENABLE_MODULES = YES;
				CLANG_ENABLE_OBJC_ARC = YES;
				CLANG_ENABLE_OBJC_WEAK = YES;
				CLANG_WARN_BLOCK_CAPTURE_AUTORELEASING = YES;
				CLANG_WARN_BOOL_CONVERSION = YES;
				CLANG_WARN_COMMA = YES;
				CLANG_WARN_CONSTANT_CONVERSION = YES;
				CLANG_WARN_DEPRECATED_OBJC_IMPLEMENTATIONS = YES;
				CLANG_WARN_DIRECT_OBJC_ISA_USAGE = YES_ERROR;
				CLANG_WARN_DOCUMENTATION_COMMENTS = YES;
				CLANG_WARN_EMPTY_BODY = YES;
				CLANG_WARN_ENUM_CONVERSION = YES;
				CLANG_WARN_INFINITE_RECURSION = YES;
				CLANG_WARN_INT_CONVERSION = YES;
				CLANG_WARN_NON_LITERAL_NULL_CONVERSION = YES;
				CLANG_WARN_OBJC_IMPLICIT_RETAIN_SELF = YES;
				CLANG_WARN_OBJC_LITERAL_CONVERSION = YES;
				CLANG_WARN_OBJC_ROOT_CLASS = YES_ERROR;
				CLANG_WARN_QUOTED_INCLUDE_IN_FRAMEWORK_HEADER = YES;
				CLANG_WARN_RANGE_LOOP_ANALYSIS = YES;
				CLANG_WARN_STRICT_PROTOTYPES = YES;
				CLANG_WARN_SUSPICIOUS_MOVE = YES;
				CLANG_WARN_UNGUARDED_AVAILABILITY = YES_AGGRESSIVE;
				CLANG_WARN_UNREACHABLE_CODE = YES;
				CLANG_WARN__DUPLICATE_METHOD_MATCH = YES;
				COPY_PHASE_STRIP = NO;
				DEBUG_INFORMATION_FORMAT = "dwarf-with-dsym";
				ENABLE_NS_ASSERTIONS = NO;
				ENABLE_STRICT_OBJC_MSGSEND = YES;
				GCC_C_LANGUAGE_STANDARD = gnu11;
				GCC_NO_COMMON_BLOCKS = YES;
				GCC_WARN_64_TO_32_BIT_CONVERSION = YES;
				GCC_WARN_ABOUT_RETURN_TYPE = YES_ERROR;
				GCC_WARN_UNDECLARED_SELECTOR = YES;
				GCC_WARN_UNINITIALIZED_AUTOS = YES_AGGRESSIVE;
				GCC_WARN_UNUSED_FUNCTION = YES;
				GCC_WARN_UNUSED_VARIABLE = YES;
				IPHONEOS_DEPLOYMENT_TARGET = 14.2;
				MTL_ENABLE_DEBUG_INFO = NO;
				MTL_FAST_MATH = YES;
				SDKROOT = iphoneos;
				SWIFT_COMPILATION_MODE = wholemodule;
				SWIFT_OPTIMIZATION_LEVEL = "-O";
				VALIDATE_PRODUCT = YES;
			};
			name = Release;
		};
		00DA464025A7F20300E9294B /* Debug */ = {
			isa = XCBuildConfiguration;
			buildSettings = {
				ASSETCATALOG_COMPILER_APPICON_NAME = AppIcon;
				ASSETCATALOG_COMPILER_GLOBAL_ACCENT_COLOR_NAME = AccentColor;
				CODE_SIGN_STYLE = Automatic;
				DEVELOPMENT_ASSET_PATHS = "\"UIStudy/Preview Content\"";
				DEVELOPMENT_TEAM = BY3249U34V;
				ENABLE_PREVIEWS = YES;
				INFOPLIST_FILE = UIStudy/Info.plist;
				LD_RUNPATH_SEARCH_PATHS = (
					"$(inherited)",
					"@executable_path/Frameworks",
				);
				PRODUCT_BUNDLE_IDENTIFIER = zyf.UIStudy;
				PRODUCT_NAME = "$(TARGET_NAME)";
				SWIFT_VERSION = 5.0;
				TARGETED_DEVICE_FAMILY = "1,2";
			};
			name = Debug;
		};
		00DA464125A7F20300E9294B /* Release */ = {
			isa = XCBuildConfiguration;
			buildSettings = {
				ASSETCATALOG_COMPILER_APPICON_NAME = AppIcon;
				ASSETCATALOG_COMPILER_GLOBAL_ACCENT_COLOR_NAME = AccentColor;
				CODE_SIGN_STYLE = Automatic;
				DEVELOPMENT_ASSET_PATHS = "\"UIStudy/Preview Content\"";
				DEVELOPMENT_TEAM = BY3249U34V;
				ENABLE_PREVIEWS = YES;
				INFOPLIST_FILE = UIStudy/Info.plist;
				LD_RUNPATH_SEARCH_PATHS = (
					"$(inherited)",
					"@executable_path/Frameworks",
				);
				PRODUCT_BUNDLE_IDENTIFIER = zyf.UIStudy;
				PRODUCT_NAME = "$(TARGET_NAME)";
				SWIFT_VERSION = 5.0;
				TARGETED_DEVICE_FAMILY = "1,2";
			};
			name = Release;
		};
		00DA464325A7F20300E9294B /* Debug */ = {
			isa = XCBuildConfiguration;
			buildSettings = {
				ALWAYS_EMBED_SWIFT_STANDARD_LIBRARIES = YES;
				BUNDLE_LOADER = "$(TEST_HOST)";
				CODE_SIGN_STYLE = Automatic;
				DEVELOPMENT_TEAM = BY3249U34V;
				INFOPLIST_FILE = UIStudyTests/Info.plist;
				IPHONEOS_DEPLOYMENT_TARGET = 14.2;
				LD_RUNPATH_SEARCH_PATHS = (
					"$(inherited)",
					"@executable_path/Frameworks",
					"@loader_path/Frameworks",
				);
				PRODUCT_BUNDLE_IDENTIFIER = zyf.UIStudyTests;
				PRODUCT_NAME = "$(TARGET_NAME)";
				SWIFT_VERSION = 5.0;
				TARGETED_DEVICE_FAMILY = "1,2";
				TEST_HOST = "$(BUILT_PRODUCTS_DIR)/UIStudy.app/UIStudy";
			};
			name = Debug;
		};
		00DA464425A7F20300E9294B /* Release */ = {
			isa = XCBuildConfiguration;
			buildSettings = {
				ALWAYS_EMBED_SWIFT_STANDARD_LIBRARIES = YES;
				BUNDLE_LOADER = "$(TEST_HOST)";
				CODE_SIGN_STYLE = Automatic;
				DEVELOPMENT_TEAM = BY3249U34V;
				INFOPLIST_FILE = UIStudyTests/Info.plist;
				IPHONEOS_DEPLOYMENT_TARGET = 14.2;
				LD_RUNPATH_SEARCH_PATHS = (
					"$(inherited)",
					"@executable_path/Frameworks",
					"@loader_path/Frameworks",
				);
				PRODUCT_BUNDLE_IDENTIFIER = zyf.UIStudyTests;
				PRODUCT_NAME = "$(TARGET_NAME)";
				SWIFT_VERSION = 5.0;
				TARGETED_DEVICE_FAMILY = "1,2";
				TEST_HOST = "$(BUILT_PRODUCTS_DIR)/UIStudy.app/UIStudy";
			};
			name = Release;
		};
		00DA464625A7F20300E9294B /* Debug */ = {
			isa = XCBuildConfiguration;
			buildSettings = {
				ALWAYS_EMBED_SWIFT_STANDARD_LIBRARIES = YES;
				CODE_SIGN_STYLE = Automatic;
				DEVELOPMENT_TEAM = BY3249U34V;
				INFOPLIST_FILE = UIStudyUITests/Info.plist;
				LD_RUNPATH_SEARCH_PATHS = (
					"$(inherited)",
					"@executable_path/Frameworks",
					"@loader_path/Frameworks",
				);
				PRODUCT_BUNDLE_IDENTIFIER = zyf.UIStudyUITests;
				PRODUCT_NAME = "$(TARGET_NAME)";
				SWIFT_VERSION = 5.0;
				TARGETED_DEVICE_FAMILY = "1,2";
				TEST_TARGET_NAME = UIStudy;
			};
			name = Debug;
		};
		00DA464725A7F20300E9294B /* Release */ = {
			isa = XCBuildConfiguration;
			buildSettings = {
				ALWAYS_EMBED_SWIFT_STANDARD_LIBRARIES = YES;
				CODE_SIGN_STYLE = Automatic;
				DEVELOPMENT_TEAM = BY3249U34V;
				INFOPLIST_FILE = UIStudyUITests/Info.plist;
				LD_RUNPATH_SEARCH_PATHS = (
					"$(inherited)",
					"@executable_path/Frameworks",
					"@loader_path/Frameworks",
				);
				PRODUCT_BUNDLE_IDENTIFIER = zyf.UIStudyUITests;
				PRODUCT_NAME = "$(TARGET_NAME)";
				SWIFT_VERSION = 5.0;
				TARGETED_DEVICE_FAMILY = "1,2";
				TEST_TARGET_NAME = UIStudy;
			};
			name = Release;
		};
/* End XCBuildConfiguration section */

/* Begin XCConfigurationList section */
		00DA461025A7F1FF00E9294B /* Build configuration list for PBXProject "UIStudy" */ = {
			isa = XCConfigurationList;
			buildConfigurations = (
				00DA463D25A7F20300E9294B /* Debug */,
				00DA463E25A7F20300E9294B /* Release */,
			);
			defaultConfigurationIsVisible = 0;
			defaultConfigurationName = Release;
		};
		00DA463F25A7F20300E9294B /* Build configuration list for PBXNativeTarget "UIStudy" */ = {
			isa = XCConfigurationList;
			buildConfigurations = (
				00DA464025A7F20300E9294B /* Debug */,
				00DA464125A7F20300E9294B /* Release */,
			);
			defaultConfigurationIsVisible = 0;
			defaultConfigurationName = Release;
		};
		00DA464225A7F20300E9294B /* Build configuration list for PBXNativeTarget "UIStudyTests" */ = {
			isa = XCConfigurationList;
			buildConfigurations = (
				00DA464325A7F20300E9294B /* Debug */,
				00DA464425A7F20300E9294B /* Release */,
			);
			defaultConfigurationIsVisible = 0;
			defaultConfigurationName = Release;
		};
		00DA464525A7F20300E9294B /* Build configuration list for PBXNativeTarget "UIStudyUITests" */ = {
			isa = XCConfigurationList;
			buildConfigurations = (
				00DA464625A7F20300E9294B /* Debug */,
				00DA464725A7F20300E9294B /* Release */,
			);
			defaultConfigurationIsVisible = 0;
			defaultConfigurationName = Release;
		};
/* End XCConfigurationList section */
	};
	rootObject = 00DA460D25A7F1FF00E9294B /* Project object */;
}
